
Microsoft Visual Studio Solution File, Format Version 12.00
# Visual Studio Version 17
VisualStudioVersion = 17.0.32112.339
MinimumVisualStudioVersion = 10.0.40219.1
Project("{FAE04EC0-301F-11D3-BF4B-00C04F79EFBC}") = "MF400_Winforms", "MF400_Winforms\MF400_Winforms.csproj", "{863D20EF-0FDC-4FE2-BF95-28E6FDDC585A}"
EndProject
Global
	GlobalSection(SolutionConfigurationPlatforms) = preSolution
		Debug|Any CPU = Debug|Any CPU
		Release|Any CPU = Release|Any CPU
	EndGlobalSection
	GlobalSection(ProjectConfigurationPlatforms) = postSolution
		{863D20EF-0FDC-4FE2-BF95-28E6FDDC585A}.Debug|Any CPU.ActiveCfg = Debug|Any CPU
		{863D20EF-0FDC-4FE2-BF95-28E6FDDC585A}.Debug|Any CPU.Build.0 = Debug|Any CPU
		{863D20EF-0FDC-4FE2-BF95-28E6FDDC585A}.Release|Any CPU.ActiveCfg = Release|Any CPU
		{863D20EF-0FDC-4FE2-BF95-28E6FDDC585A}.Release|Any CPU.Build.0 = Release|Any CPU
	EndGlobalSection
	GlobalSection(SolutionProperties) = preSolution
		HideSolutionNode = FALSE
	EndGlobalSection
	GlobalSection(ExtensibilityGlobals) = postSolution
		SolutionGuid = {929E43DA-E769-4139-BC2B-43B33E8002CD}
	EndGlobalSection
EndGlobal
